
Microsoft Visual Studio Solution File, Format Version 12.00
# Visual Studio 15
VisualStudioVersion = 15.0.28010.2019
MinimumVisualStudioVersion = 10.0.40219.1
Project("{9A19103F-16F7-4668-BE54-9A1E7A4F7556}") = "BilletLibrary", "BilletLibrary\BilletLibrary.csproj", "{7E609395-17EB-45A1-9F6F-6C8B4CEE731F}"
EndProject
Project("{FAE04EC0-301F-11D3-BF4B-00C04F79EFBC}") = "BilletLibraryTests", "BilletLibraryTests\BilletLibraryTests.csproj", "{EFDF14CD-F174-4991-A3A0-246DB793A9BF}"
EndProject
Global
	GlobalSection(SolutionConfigurationPlatforms) = preSolution
		Debug|Any CPU = Debug|Any CPU
		Release|Any CPU = Release|Any CPU
	EndGlobalSection
	GlobalSection(ProjectConfigurationPlatforms) = postSolution
		{7E609395-17EB-45A1-9F6F-6C8B4CEE731F}.Debug|Any CPU.ActiveCfg = Debug|Any CPU
		{7E609395-17EB-45A1-9F6F-6C8B4CEE731F}.Debug|Any CPU.Build.0 = Debug|Any CPU
		{7E609395-17EB-45A1-9F6F-6C8B4CEE731F}.Release|Any CPU.ActiveCfg = Release|Any CPU
		{7E609395-17EB-45A1-9F6F-6C8B4CEE731F}.Release|Any CPU.Build.0 = Release|Any CPU
		{EFDF14CD-F174-4991-A3A0-246DB793A9BF}.Debug|Any CPU.ActiveCfg = Debug|Any CPU
		{EFDF14CD-F174-4991-A3A0-246DB793A9BF}.Debug|Any CPU.Build.0 = Debug|Any CPU
		{EFDF14CD-F174-4991-A3A0-246DB793A9BF}.Release|Any CPU.ActiveCfg = Release|Any CPU
		{EFDF14CD-F174-4991-A3A0-246DB793A9BF}.Release|Any CPU.Build.0 = Release|Any CPU
	EndGlobalSection
	GlobalSection(SolutionProperties) = preSolution
		HideSolutionNode = FALSE
	EndGlobalSection
	GlobalSection(ExtensibilityGlobals) = postSolution
		SolutionGuid = {D1800DAF-B735-4DC4-B80D-411B68138E69}
	EndGlobalSection
EndGlobal
